
Microsoft Visual Studio Solution File, Format Version 12.00
# Visual Studio Version 16
VisualStudioVersion = 16.0.30011.22
MinimumVisualStudioVersion = 10.0.40219.1
Project("{9A19103F-16F7-4668-BE54-9A1E7A4F7556}") = "WordPress.Client", "WordPress.Client\WordPress.Client.csproj", "{9072A912-B60B-4256-BAD3-1C4AFCFB2019}"
EndProject
Project("{9A19103F-16F7-4668-BE54-9A1E7A4F7556}") = "WordPress.ClientTest", "WordPress.ClientTest\WordPress.ClientTest.csproj", "{FDE578FA-DDA0-4C5C-8D17-DA0127BC6354}"
EndProject
Global
	GlobalSection(SolutionConfigurationPlatforms) = preSolution
		Debug|Any CPU = Debug|Any CPU
		Release|Any CPU = Release|Any CPU
	EndGlobalSection
	GlobalSection(ProjectConfigurationPlatforms) = postSolution
		{9072A912-B60B-4256-BAD3-1C4AFCFB2019}.Debug|Any CPU.ActiveCfg = Debug|Any CPU
		{9072A912-B60B-4256-BAD3-1C4AFCFB2019}.Debug|Any CPU.Build.0 = Debug|Any CPU
		{9072A912-B60B-4256-BAD3-1C4AFCFB2019}.Release|Any CPU.ActiveCfg = Release|Any CPU
		{9072A912-B60B-4256-BAD3-1C4AFCFB2019}.Release|Any CPU.Build.0 = Release|Any CPU
		{FDE578FA-DDA0-4C5C-8D17-DA0127BC6354}.Debug|Any CPU.ActiveCfg = Debug|Any CPU
		{FDE578FA-DDA0-4C5C-8D17-DA0127BC6354}.Debug|Any CPU.Build.0 = Debug|Any CPU
		{FDE578FA-DDA0-4C5C-8D17-DA0127BC6354}.Release|Any CPU.ActiveCfg = Release|Any CPU
		{FDE578FA-DDA0-4C5C-8D17-DA0127BC6354}.Release|Any CPU.Build.0 = Release|Any CPU
	EndGlobalSection
	GlobalSection(SolutionProperties) = preSolution
		HideSolutionNode = FALSE
	EndGlobalSection
	GlobalSection(ExtensibilityGlobals) = postSolution
		SolutionGuid = {88481949-5E0F-4B96-A843-4E874F40837D}
	EndGlobalSection
EndGlobal
